# @generated - this file is auto-generated by `mise lock` https://mise.jdx.dev/dev-tools/mise-lock.html

[[tools.doppler]]
version = "3.75.3"
backend = "github:DopplerHQ/cli"

[tools.doppler."platforms.macos-arm64"]
checksum = "sha256:1c56e625ea460b3af8b2ea88b89183af50b85f02c1fc9c06d0684586d12a54e4"
url = "https://github.com/DopplerHQ/cli/releases/download/3.75.3/doppler_3.75.3_macOS_arm64.tar.gz"
url_api = "https://api.github.com/repos/DopplerHQ/cli/releases/assets/357572303"

[[tools.hk]]
version = "1.41.0"
backend = "aqua:jdx/hk"

[tools.hk."platforms.macos-arm64"]
checksum = "sha256:25c9e973993c1607247e97ec558d747483ab4c48380485d69ea617161939544c"
url = "https://github.com/jdx/hk/releases/download/v1.41.0/hk-aarch64-apple-darwin.tar.gz"

[[tools."npm:claude-code-lint"]]
version = "0.3.0"
backend = "npm:claude-code-lint"

[[tools."npm:oh-my-claude-sisyphus"]]
version = "4.11.2"
backend = "npm:oh-my-claude-sisyphus"

[[tools."npm:skillfish"]]
version = "1.0.30"
backend = "npm:skillfish"
