# @generated - this file is auto-generated by `mise lock` https://mise.jdx.dev/dev-tools/mise-lock.html

[[tools.hk]]
version = "1.39.0"
backend = "aqua:jdx/hk"

[tools.hk."platforms.linux-arm64"]
checksum = "sha256:209b73effe9f36fc5eee5a6ec0e833a501ed67f1041fbb3aeac9923ee252eb53"
url = "https://github.com/jdx/hk/releases/download/v1.39.0/hk-aarch64-unknown-linux-gnu.tar.gz"

[tools.hk."platforms.linux-arm64-musl"]
checksum = "sha256:209b73effe9f36fc5eee5a6ec0e833a501ed67f1041fbb3aeac9923ee252eb53"
url = "https://github.com/jdx/hk/releases/download/v1.39.0/hk-aarch64-unknown-linux-gnu.tar.gz"

[tools.hk."platforms.linux-x64"]
checksum = "sha256:559c72b512f7ec3df48f7a1e0f4d1c1082dd24a26f7d40865805dcc12dbf2a7c"
url = "https://github.com/jdx/hk/releases/download/v1.39.0/hk-x86_64-unknown-linux-gnu.tar.gz"

[tools.hk."platforms.linux-x64-musl"]
checksum = "sha256:559c72b512f7ec3df48f7a1e0f4d1c1082dd24a26f7d40865805dcc12dbf2a7c"
url = "https://github.com/jdx/hk/releases/download/v1.39.0/hk-x86_64-unknown-linux-gnu.tar.gz"

[tools.hk."platforms.macos-arm64"]
checksum = "sha256:0df1d19a8a7b052def3b1048a38681218ce4e04579c1805fa74457f8e634ee82"
url = "https://github.com/jdx/hk/releases/download/v1.39.0/hk-aarch64-apple-darwin.tar.gz"

[tools.hk."platforms.windows-x64"]
checksum = "sha256:4fdbc4dfe17191fdc2157e2ddb9cf32d0e9fb4c6c0cddae2f8f2ea4b0b351fca"
url = "https://github.com/jdx/hk/releases/download/v1.39.0/hk-x86_64-pc-windows-msvc.zip"
