# @generated - this file is auto-generated by `mise lock` https://mise.jdx.dev/dev-tools/mise-lock.html

[[tools.bun]]
version = "1.3.10"
backend = "core:bun"

[tools.bun."platforms.linux-arm64"]
checksum = "sha256:fa5ecb25cafa8e8f5c87a0f833719d46dd0af0a86c7837d806531212d55636d3"
url = "https://github.com/oven-sh/bun/releases/download/bun-v1.3.10/bun-linux-aarch64.zip"

[tools.bun."platforms.linux-arm64-musl"]
checksum = "sha256:d2c81365a2e529b78a42330d3a0056e8dbd7896b4a6782c8e392b6532141e34d"
url = "https://github.com/oven-sh/bun/releases/download/bun-v1.3.10/bun-linux-aarch64-musl.zip"

[tools.bun."platforms.linux-x64"]
checksum = "sha256:f57bc0187e39623de716ba3a389fda5486b2d7be7131a980ba54dc7b733d2e08"
url = "https://github.com/oven-sh/bun/releases/download/bun-v1.3.10/bun-linux-x64.zip"

[tools.bun."platforms.linux-x64-baseline"]
checksum = "sha256:41201a8c5ee74a9dcbb1ce25a1104f1f929838b57a845aa78d98379b0ce7cde2"
url = "https://github.com/oven-sh/bun/releases/download/bun-v1.3.10/bun-linux-x64-baseline.zip"

[tools.bun."platforms.linux-x64-musl"]
checksum = "sha256:48a6c32277d343db0148ce066336472ffd380358a4d26bb1329714742492d824"
url = "https://github.com/oven-sh/bun/releases/download/bun-v1.3.10/bun-linux-x64-musl.zip"

[tools.bun."platforms.linux-x64-musl-baseline"]
checksum = "sha256:a7bc4cdea1ef255a83adbf39c7aafcd30e09f2b8f74deec4b10ee318bc024d1f"
url = "https://github.com/oven-sh/bun/releases/download/bun-v1.3.10/bun-linux-x64-musl-baseline.zip"

[[tools.chezmoi]]
version = "2.70.0"
backend = "aqua:twpayne/chezmoi"

[tools.chezmoi."platforms.linux-arm64"]
checksum = "sha256:c65fb55bee4fb2bc14362998e2ce0cf1b1688bce0abfd7dd48cbac6448d6fc75"
url = "https://github.com/twpayne/chezmoi/releases/download/v2.70.0/chezmoi_2.70.0_linux_arm64.tar.gz"

[tools.chezmoi."platforms.linux-x64"]
checksum = "sha256:32dbc87a4db7163d0f8c3156b631e3ee1cc6fed400f43ff467eca4211f2905e7"
url = "https://github.com/twpayne/chezmoi/releases/download/v2.70.0/chezmoi_2.70.0_linux_amd64.tar.gz"

[[tools.pixi]]
version = "0.65.0"
backend = "github:prefix-dev/pixi"

[tools.pixi."platforms.linux-arm64"]
checksum = "sha256:c77be0963888a2da84dc79f331bfef7feee9945aff2b2e6ae555e72c4172258f"
url = "https://github.com/prefix-dev/pixi/releases/download/v0.65.0/pixi-aarch64-unknown-linux-musl.tar.gz"
url_api = "https://api.github.com/repos/prefix-dev/pixi/releases/assets/362918741"
provenance = "slsa"

[tools.pixi."platforms.linux-x64"]
checksum = "sha256:216adf73a7ba92547d38a4768c2c7cdad8cabb90af466b00c9ef69db89dc8649"
url = "https://github.com/prefix-dev/pixi/releases/download/v0.65.0/pixi-x86_64-unknown-linux-musl.tar.gz"
url_api = "https://api.github.com/repos/prefix-dev/pixi/releases/assets/362918797"
provenance = "slsa"

[[tools.python]]
version = "3.14.3"
backend = "core:python"

[tools.python."platforms.linux-arm64"]
checksum = "sha256:89e2cfba1b1ca974a8d2b7aa054d8c32a9301b1168fde2bf1c9a5270488c018f"
url = "https://github.com/astral-sh/python-build-standalone/releases/download/20260310/cpython-3.14.3+20260310-aarch64-unknown-linux-gnu-install_only_stripped.tar.gz"

[tools.python."platforms.linux-x64"]
checksum = "sha256:0023aa5e9930a70585e1b639055f4928f76080b2e1dcc2458453b595155a50ee"
url = "https://github.com/astral-sh/python-build-standalone/releases/download/20260310/cpython-3.14.3+20260310-x86_64-unknown-linux-gnu-install_only_stripped.tar.gz"

[[tools.uv]]
version = "0.10.10"
backend = "aqua:astral-sh/uv"

[tools.uv."platforms.linux-arm64"]
checksum = "sha256:d08c08b82cdcaf2bd3d928ffe844d3558dda53f90066db6ef9174157cc763252"
url = "https://github.com/astral-sh/uv/releases/download/0.10.10/uv-aarch64-unknown-linux-musl.tar.gz"

[tools.uv."platforms.linux-x64"]
checksum = "sha256:74544e8755fbc27559e22e29fd561bdc48f91b8bd8323e760a1130f32433bea4"
url = "https://github.com/astral-sh/uv/releases/download/0.10.10/uv-x86_64-unknown-linux-musl.tar.gz"
